
Microsoft Visual Studio Solution File, Format Version 12.00
# Visual Studio Version 17
VisualStudioVersion = 17.2.32505.173
MinimumVisualStudioVersion = 10.0.40219.1
Project("{FAE04EC0-301F-11D3-BF4B-00C04F79EFBC}") = "pz_5", "pz_5\pz_5.csproj", "{CC53AB79-D6F9-45FE-B10F-41BD96326CE7}"
EndProject
Global
	GlobalSection(SolutionConfigurationPlatforms) = preSolution
		Debug|Any CPU = Debug|Any CPU
		Release|Any CPU = Release|Any CPU
	EndGlobalSection
	GlobalSection(ProjectConfigurationPlatforms) = postSolution
		{CC53AB79-D6F9-45FE-B10F-41BD96326CE7}.Debug|Any CPU.ActiveCfg = Debug|Any CPU
		{CC53AB79-D6F9-45FE-B10F-41BD96326CE7}.Debug|Any CPU.Build.0 = Debug|Any CPU
		{CC53AB79-D6F9-45FE-B10F-41BD96326CE7}.Release|Any CPU.ActiveCfg = Release|Any CPU
		{CC53AB79-D6F9-45FE-B10F-41BD96326CE7}.Release|Any CPU.Build.0 = Release|Any CPU
	EndGlobalSection
	GlobalSection(SolutionProperties) = preSolution
		HideSolutionNode = FALSE
	EndGlobalSection
	GlobalSection(ExtensibilityGlobals) = postSolution
		SolutionGuid = {B894CA98-2FEE-4642-B3FC-D203AC3F3F87}
	EndGlobalSection
EndGlobal
