
Microsoft Visual Studio Solution File, Format Version 12.00
# Visual Studio Version 17
VisualStudioVersion = 17.2.32505.173
MinimumVisualStudioVersion = 10.0.40219.1
Project("{9A19103F-16F7-4668-BE54-9A1E7A4F7556}") = "pz_5", "pz_5\pz_5.csproj", "{CC53AB79-D6F9-45FE-B10F-41BD96326CE7}"
EndProject
Project("{9A19103F-16F7-4668-BE54-9A1E7A4F7556}") = "pz_6", "pz_6\pz_6.csproj", "{7830DF23-000B-44F3-8B08-FA166DA3427E}"
EndProject
Project("{9A19103F-16F7-4668-BE54-9A1E7A4F7556}") = "pz _7", "pz _7\pz _7.csproj", "{E9913301-1923-428C-BDD6-59096D4A1D69}"
EndProject
Project("{9A19103F-16F7-4668-BE54-9A1E7A4F7556}") = "pz_8", "pz_8\pz_8.csproj", "{C4F0D665-7692-4EDA-98F9-895F1E506F00}"
EndProject
Project("{9A19103F-16F7-4668-BE54-9A1E7A4F7556}") = "pz_9", "pz_9\pz_9.csproj", "{CD99FCEE-048E-43FD-A3F3-E6EC65768C0B}"
EndProject
Project("{9A19103F-16F7-4668-BE54-9A1E7A4F7556}") = "pz_10", "pz_10\pz_10.csproj", "{6FE8B577-D17C-4FDB-AF70-3357904432F4}"
EndProject
Project("{9A19103F-16F7-4668-BE54-9A1E7A4F7556}") = "pz_11", "pz_11\pz_11.csproj", "{21A0BF59-7B89-4E11-838A-7C26E183B1DC}"
EndProject
Project("{9A19103F-16F7-4668-BE54-9A1E7A4F7556}") = "pz_12", "pz_12\pz_12.csproj", "{56AC907A-098A-4383-BB4E-CA0E06C6091D}"
EndProject
Project("{9A19103F-16F7-4668-BE54-9A1E7A4F7556}") = "pz_13", "pz_13\pz_13.csproj", "{43DBD901-6230-41E0-B726-AB90A43D7238}"
EndProject
Project("{9A19103F-16F7-4668-BE54-9A1E7A4F7556}") = "pz_14", "pz_14\pz_14.csproj", "{087B9AF4-F965-42A6-A72E-D364B5536179}"
EndProject
Project("{9A19103F-16F7-4668-BE54-9A1E7A4F7556}") = "pz_15", "pz_15\pz_15.csproj", "{DA5DD102-C608-4B0A-8309-B237339B636C}"
EndProject
Project("{9A19103F-16F7-4668-BE54-9A1E7A4F7556}") = "pz_16", "pz_16\pz_16.csproj", "{6E554066-3D38-4AAA-91C3-171305D36179}"
EndProject
Project("{9A19103F-16F7-4668-BE54-9A1E7A4F7556}") = "pz_17 game", "pz_17 game\pz_17 game.csproj", "{A7DFFF3E-2264-4973-AB64-A7B37A6C1FDE}"
EndProject
Project("{9A19103F-16F7-4668-BE54-9A1E7A4F7556}") = "pz_17", "pz_17\pz_17.csproj", "{56F60DB8-0DD4-4E58-9833-5E3F777580C9}"
EndProject
Project("{9A19103F-16F7-4668-BE54-9A1E7A4F7556}") = "pz_18", "pz_18\pz_18.csproj", "{1C69CE96-17BA-48D5-8832-1089581016A7}"
EndProject
Project("{FAE04EC0-301F-11D3-BF4B-00C04F79EFBC}") = "pz_19", "pz_19\pz_19.csproj", "{673CEAF3-CC40-4C3D-8C1A-18FB31827A94}"
EndProject
Global
	GlobalSection(SolutionConfigurationPlatforms) = preSolution
		Debug|Any CPU = Debug|Any CPU
		Release|Any CPU = Release|Any CPU
	EndGlobalSection
	GlobalSection(ProjectConfigurationPlatforms) = postSolution
		{CC53AB79-D6F9-45FE-B10F-41BD96326CE7}.Debug|Any CPU.ActiveCfg = Debug|Any CPU
		{CC53AB79-D6F9-45FE-B10F-41BD96326CE7}.Debug|Any CPU.Build.0 = Debug|Any CPU
		{CC53AB79-D6F9-45FE-B10F-41BD96326CE7}.Release|Any CPU.ActiveCfg = Release|Any CPU
		{CC53AB79-D6F9-45FE-B10F-41BD96326CE7}.Release|Any CPU.Build.0 = Release|Any CPU
		{7830DF23-000B-44F3-8B08-FA166DA3427E}.Debug|Any CPU.ActiveCfg = Debug|Any CPU
		{7830DF23-000B-44F3-8B08-FA166DA3427E}.Debug|Any CPU.Build.0 = Debug|Any CPU
		{7830DF23-000B-44F3-8B08-FA166DA3427E}.Release|Any CPU.ActiveCfg = Release|Any CPU
		{7830DF23-000B-44F3-8B08-FA166DA3427E}.Release|Any CPU.Build.0 = Release|Any CPU
		{E9913301-1923-428C-BDD6-59096D4A1D69}.Debug|Any CPU.ActiveCfg = Debug|Any CPU
		{E9913301-1923-428C-BDD6-59096D4A1D69}.Debug|Any CPU.Build.0 = Debug|Any CPU
		{E9913301-1923-428C-BDD6-59096D4A1D69}.Release|Any CPU.ActiveCfg = Release|Any CPU
		{E9913301-1923-428C-BDD6-59096D4A1D69}.Release|Any CPU.Build.0 = Release|Any CPU
		{C4F0D665-7692-4EDA-98F9-895F1E506F00}.Debug|Any CPU.ActiveCfg = Debug|Any CPU
		{C4F0D665-7692-4EDA-98F9-895F1E506F00}.Debug|Any CPU.Build.0 = Debug|Any CPU
		{C4F0D665-7692-4EDA-98F9-895F1E506F00}.Release|Any CPU.ActiveCfg = Release|Any CPU
		{C4F0D665-7692-4EDA-98F9-895F1E506F00}.Release|Any CPU.Build.0 = Release|Any CPU
		{CD99FCEE-048E-43FD-A3F3-E6EC65768C0B}.Debug|Any CPU.ActiveCfg = Debug|Any CPU
		{CD99FCEE-048E-43FD-A3F3-E6EC65768C0B}.Debug|Any CPU.Build.0 = Debug|Any CPU
		{CD99FCEE-048E-43FD-A3F3-E6EC65768C0B}.Release|Any CPU.ActiveCfg = Release|Any CPU
		{CD99FCEE-048E-43FD-A3F3-E6EC65768C0B}.Release|Any CPU.Build.0 = Release|Any CPU
		{6FE8B577-D17C-4FDB-AF70-3357904432F4}.Debug|Any CPU.ActiveCfg = Debug|Any CPU
		{6FE8B577-D17C-4FDB-AF70-3357904432F4}.Debug|Any CPU.Build.0 = Debug|Any CPU
		{6FE8B577-D17C-4FDB-AF70-3357904432F4}.Release|Any CPU.ActiveCfg = Release|Any CPU
		{6FE8B577-D17C-4FDB-AF70-3357904432F4}.Release|Any CPU.Build.0 = Release|Any CPU
		{21A0BF59-7B89-4E11-838A-7C26E183B1DC}.Debug|Any CPU.ActiveCfg = Debug|Any CPU
		{21A0BF59-7B89-4E11-838A-7C26E183B1DC}.Debug|Any CPU.Build.0 = Debug|Any CPU
		{21A0BF59-7B89-4E11-838A-7C26E183B1DC}.Release|Any CPU.ActiveCfg = Release|Any CPU
		{21A0BF59-7B89-4E11-838A-7C26E183B1DC}.Release|Any CPU.Build.0 = Release|Any CPU
		{56AC907A-098A-4383-BB4E-CA0E06C6091D}.Debug|Any CPU.ActiveCfg = Debug|Any CPU
		{56AC907A-098A-4383-BB4E-CA0E06C6091D}.Debug|Any CPU.Build.0 = Debug|Any CPU
		{56AC907A-098A-4383-BB4E-CA0E06C6091D}.Release|Any CPU.ActiveCfg = Release|Any CPU
		{56AC907A-098A-4383-BB4E-CA0E06C6091D}.Release|Any CPU.Build.0 = Release|Any CPU
		{43DBD901-6230-41E0-B726-AB90A43D7238}.Debug|Any CPU.ActiveCfg = Debug|Any CPU
		{43DBD901-6230-41E0-B726-AB90A43D7238}.Debug|Any CPU.Build.0 = Debug|Any CPU
		{43DBD901-6230-41E0-B726-AB90A43D7238}.Release|Any CPU.ActiveCfg = Release|Any CPU
		{43DBD901-6230-41E0-B726-AB90A43D7238}.Release|Any CPU.Build.0 = Release|Any CPU
		{087B9AF4-F965-42A6-A72E-D364B5536179}.Debug|Any CPU.ActiveCfg = Debug|Any CPU
		{087B9AF4-F965-42A6-A72E-D364B5536179}.Debug|Any CPU.Build.0 = Debug|Any CPU
		{087B9AF4-F965-42A6-A72E-D364B5536179}.Release|Any CPU.ActiveCfg = Release|Any CPU
		{087B9AF4-F965-42A6-A72E-D364B5536179}.Release|Any CPU.Build.0 = Release|Any CPU
		{DA5DD102-C608-4B0A-8309-B237339B636C}.Debug|Any CPU.ActiveCfg = Debug|Any CPU
		{DA5DD102-C608-4B0A-8309-B237339B636C}.Debug|Any CPU.Build.0 = Debug|Any CPU
		{DA5DD102-C608-4B0A-8309-B237339B636C}.Release|Any CPU.ActiveCfg = Release|Any CPU
		{DA5DD102-C608-4B0A-8309-B237339B636C}.Release|Any CPU.Build.0 = Release|Any CPU
		{6E554066-3D38-4AAA-91C3-171305D36179}.Debug|Any CPU.ActiveCfg = Debug|Any CPU
		{6E554066-3D38-4AAA-91C3-171305D36179}.Debug|Any CPU.Build.0 = Debug|Any CPU
		{6E554066-3D38-4AAA-91C3-171305D36179}.Release|Any CPU.ActiveCfg = Release|Any CPU
		{6E554066-3D38-4AAA-91C3-171305D36179}.Release|Any CPU.Build.0 = Release|Any CPU
		{A7DFFF3E-2264-4973-AB64-A7B37A6C1FDE}.Debug|Any CPU.ActiveCfg = Debug|Any CPU
		{A7DFFF3E-2264-4973-AB64-A7B37A6C1FDE}.Debug|Any CPU.Build.0 = Debug|Any CPU
		{A7DFFF3E-2264-4973-AB64-A7B37A6C1FDE}.Release|Any CPU.ActiveCfg = Release|Any CPU
		{A7DFFF3E-2264-4973-AB64-A7B37A6C1FDE}.Release|Any CPU.Build.0 = Release|Any CPU
		{56F60DB8-0DD4-4E58-9833-5E3F777580C9}.Debug|Any CPU.ActiveCfg = Debug|Any CPU
		{56F60DB8-0DD4-4E58-9833-5E3F777580C9}.Debug|Any CPU.Build.0 = Debug|Any CPU
		{56F60DB8-0DD4-4E58-9833-5E3F777580C9}.Release|Any CPU.ActiveCfg = Release|Any CPU
		{56F60DB8-0DD4-4E58-9833-5E3F777580C9}.Release|Any CPU.Build.0 = Release|Any CPU
		{1C69CE96-17BA-48D5-8832-1089581016A7}.Debug|Any CPU.ActiveCfg = Debug|Any CPU
		{1C69CE96-17BA-48D5-8832-1089581016A7}.Debug|Any CPU.Build.0 = Debug|Any CPU
		{1C69CE96-17BA-48D5-8832-1089581016A7}.Release|Any CPU.ActiveCfg = Release|Any CPU
		{1C69CE96-17BA-48D5-8832-1089581016A7}.Release|Any CPU.Build.0 = Release|Any CPU
		{673CEAF3-CC40-4C3D-8C1A-18FB31827A94}.Debug|Any CPU.ActiveCfg = Debug|Any CPU
		{673CEAF3-CC40-4C3D-8C1A-18FB31827A94}.Debug|Any CPU.Build.0 = Debug|Any CPU
		{673CEAF3-CC40-4C3D-8C1A-18FB31827A94}.Release|Any CPU.ActiveCfg = Release|Any CPU
		{673CEAF3-CC40-4C3D-8C1A-18FB31827A94}.Release|Any CPU.Build.0 = Release|Any CPU
	EndGlobalSection
	GlobalSection(SolutionProperties) = preSolution
		HideSolutionNode = FALSE
	EndGlobalSection
	GlobalSection(ExtensibilityGlobals) = postSolution
		SolutionGuid = {B894CA98-2FEE-4642-B3FC-D203AC3F3F87}
	EndGlobalSection
EndGlobal
